<?xml version="1.0" encoding="utf-8"?>
<Project ToolsVersion="4.0" xmlns="http://schemas.microsoft.com/developer/msbuild/2003">
  <ItemGroup>
    <Filter Include="Source Files">
      <UniqueIdentifier>{4FC737F1-C7A5-4376-A066-2A32D752A2FF}</UniqueIdentifier>
      <Extensions>cpp;c;cc;cxx;def;odl;idl;hpj;bat;asm;asmx</Extensions>
    </Filter>
    <Filter Include="DynamicProgramming">
      <UniqueIdentifier>{6e16aee6-3f64-4316-bbb3-b4d8fe37dab5}</UniqueIdentifier>
    </Filter>
    <Filter Include="SmartPtrs">
      <UniqueIdentifier>{49812bed-8c0e-4684-a058-7715a5acb277}</UniqueIdentifier>
    </Filter>
    <Filter Include="Graph">
      <UniqueIdentifier>{d65d0aad-8715-4d5e-bc39-7f1a6d33b8fb}</UniqueIdentifier>
    </Filter>
    <Filter Include="Graph\Header Files">
      <UniqueIdentifier>{93995380-89BD-4b04-88EB-625FBE52EBFB}</UniqueIdentifier>
      <Extensions>h;hh;hpp;hxx;hm;inl;inc;xsd</Extensions>
    </Filter>
    <Filter Include="Trees">
      <UniqueIdentifier>{a1fbac23-2ff0-4a99-a188-7422b90db338}</UniqueIdentifier>
    </Filter>
    <Filter Include="utilities">
      <UniqueIdentifier>{b0dde9d7-8d4f-456f-b4a8-69a154902452}</UniqueIdentifier>
    </Filter>
  </ItemGroup>
  <ItemGroup>
    <ClCompile Include="main.cpp">
      <Filter>Source Files</Filter>
    </ClCompile>
  </ItemGroup>
  <ItemGroup>
    <ClInclude Include="AddTwoNumbers.h">
      <Filter>Graph\Header Files</Filter>
    </ClInclude>
    <ClInclude Include="TwoSum.h">
      <Filter>Graph\Header Files</Filter>
    </ClInclude>
    <ClInclude Include="LogestSubstringWithoutRepeatingC.h">
      <Filter>Graph\Header Files</Filter>
    </ClInclude>
    <ClInclude Include="NextPermuationSameDigits.h">
      <Filter>Graph\Header Files</Filter>
    </ClInclude>
    <ClInclude Include="Permuations.h">
      <Filter>Graph\Header Files</Filter>
    </ClInclude>
    <ClInclude Include="CoinChange.h">
      <Filter>DynamicProgramming</Filter>
    </ClInclude>
    <ClInclude Include="SharedPtr.h">
      <Filter>SmartPtrs</Filter>
    </ClInclude>
    <ClInclude Include="MyUniquePtr.h">
      <Filter>SmartPtrs</Filter>
    </ClInclude>
    <ClInclude Include="WordTransform.h">
      <Filter>Graph\Header Files</Filter>
    </ClInclude>
    <ClInclude Include="Graph\Graph.h">
      <Filter>Graph</Filter>
    </ClInclude>
    <ClInclude Include="BinaryTreePaths.h">
      <Filter>Graph\Header Files</Filter>
    </ClInclude>
    <ClInclude Include="FrequencySort.h">
      <Filter>Graph\Header Files</Filter>
    </ClInclude>
    <ClInclude Include="MergeTwoSortedArrays.h">
      <Filter>Graph\Header Files</Filter>
    </ClInclude>
    <ClInclude Include="ReverseInteger.h">
      <Filter>Graph\Header Files</Filter>
    </ClInclude>
    <ClInclude Include="ReverseWordsInAString.h">
      <Filter>Graph\Header Files</Filter>
    </ClInclude>
    <ClInclude Include="WeakPtr.h">
      <Filter>SmartPtrs</Filter>
    </ClInclude>
    <ClInclude Include="EditDistance.h">
      <Filter>DynamicProgramming</Filter>
    </ClInclude>
    <ClInclude Include="CountPath.h">
      <Filter>DynamicProgramming</Filter>
    </ClInclude>
    <ClInclude Include="SumRootToLeaf.h">
      <Filter>Trees</Filter>
    </ClInclude>
    <ClInclude Include="headers.h">
      <Filter>utilities</Filter>
    </ClInclude>
    <ClInclude Include="Solution.h">
      <Filter>utilities</Filter>
    </ClInclude>
  </ItemGroup>
</Project>